
Microsoft Visual Studio Solution File, Format Version 12.00
# Visual Studio Version 17
VisualStudioVersion = 17.14.36203.30 d17.14
MinimumVisualStudioVersion = 10.0.40219.1
Project("{FAE04EC0-301F-11D3-BF4B-00C04F79EFBC}") = "HerCalendar", "HerCalendar.csproj", "{6FF77EC2-FD44-41CA-9287-D831EBD7F49B}"
EndProject
Global
	GlobalSection(SolutionConfigurationPlatforms) = preSolution
		Debug|Any CPU = Debug|Any CPU
		Release|Any CPU = Release|Any CPU
	EndGlobalSection
	GlobalSection(ProjectConfigurationPlatforms) = postSolution
		{6FF77EC2-FD44-41CA-9287-D831EBD7F49B}.Debug|Any CPU.ActiveCfg = Debug|Any CPU
		{6FF77EC2-FD44-41CA-9287-D831EBD7F49B}.Debug|Any CPU.Build.0 = Debug|Any CPU
		{6FF77EC2-FD44-41CA-9287-D831EBD7F49B}.Release|Any CPU.ActiveCfg = Release|Any CPU
		{6FF77EC2-FD44-41CA-9287-D831EBD7F49B}.Release|Any CPU.Build.0 = Release|Any CPU
	EndGlobalSection
	GlobalSection(SolutionProperties) = preSolution
		HideSolutionNode = FALSE
	EndGlobalSection
	GlobalSection(ExtensibilityGlobals) = postSolution
		SolutionGuid = {BE3B3DDB-D85D-413A-A74B-5E94DD8668F3}
	EndGlobalSection
EndGlobal
